<?xml version="1.0" encoding="utf-8"?>
<Project ToolsVersion="4.0" xmlns="http://schemas.microsoft.com/developer/msbuild/2003">
  <ItemGroup>
    <Filter Include="99.Default">
      <UniqueIdentifier>{7ddfc164-87be-4e04-b968-78f790f0d7bd}</UniqueIdentifier>
    </Filter>
    <Filter Include="1.study">
      <UniqueIdentifier>{fa0096f0-7d2c-4e71-9579-1e0c39a0676e}</UniqueIdentifier>
    </Filter>
    <Filter Include="1.study\DataStructure">
      <UniqueIdentifier>{46613f30-1475-4766-8266-eddd3262038f}</UniqueIdentifier>
    </Filter>
    <Filter Include="1.study\DataStructure\MyQueue">
      <UniqueIdentifier>{182a63c2-0182-42c3-8f0f-e2a9cc21388b}</UniqueIdentifier>
    </Filter>
    <Filter Include="1.study\DataStructure\MyVector">
      <UniqueIdentifier>{00e63d09-f983-489e-8428-2b51084b68ba}</UniqueIdentifier>
    </Filter>
    <Filter Include="1.study\Algorithm">
      <UniqueIdentifier>{fbffc7be-423e-4446-92dd-7df4216cf09a}</UniqueIdentifier>
    </Filter>
    <Filter Include="1.study\Algorithm\bfs,dfs">
      <UniqueIdentifier>{0efa1920-4f24-438c-afa8-449653e8332b}</UniqueIdentifier>
    </Filter>
    <Filter Include="1.study\Algorithm\dp">
      <UniqueIdentifier>{b8e3109b-537e-464f-a997-82e1042d913f}</UniqueIdentifier>
    </Filter>
    <Filter Include="1.study\Algorithm\순열조합">
      <UniqueIdentifier>{c15a486b-403a-4c5c-a00f-667f11731c46}</UniqueIdentifier>
    </Filter>
    <Filter Include="1.study\Algorithm\구현">
      <UniqueIdentifier>{a8cf1880-93cb-4686-845c-94a4bf5f1cd1}</UniqueIdentifier>
    </Filter>
    <Filter Include="1.study\Algorithm\그리디">
      <UniqueIdentifier>{91781ecd-9366-49be-b05e-2e81943784c7}</UniqueIdentifier>
    </Filter>
    <Filter Include="1.study\Algorithm\소수판별">
      <UniqueIdentifier>{77bcfc11-6554-4fc2-9a9b-0292146ec382}</UniqueIdentifier>
    </Filter>
    <Filter Include="1.study\Algorithm\이진탐색">
      <UniqueIdentifier>{26dec04a-69d6-42d0-b75c-7a8673206b27}</UniqueIdentifier>
    </Filter>
    <Filter Include="1.study\Algorithm\정렬">
      <UniqueIdentifier>{a7898b17-51c5-47cb-8fec-1e4fd818fd0a}</UniqueIdentifier>
    </Filter>
    <Filter Include="1.study\Algorithm\최단경로">
      <UniqueIdentifier>{beb9bfb2-e2d0-4953-916c-02859ceb1e85}</UniqueIdentifier>
    </Filter>
    <Filter Include="1.study\Algorithm\투포인터">
      <UniqueIdentifier>{71e12115-eb61-419d-bfad-26b6cd62ad93}</UniqueIdentifier>
    </Filter>
    <Filter Include="2.BOJ">
      <UniqueIdentifier>{169d4fcd-de5b-47ba-9e6e-3e00101c63cb}</UniqueIdentifier>
    </Filter>
    <Filter Include="1.study\DataStructure\ArrayGraph%28C%29">
      <UniqueIdentifier>{15257916-f67f-4a8d-8c5a-97a3a8fbb683}</UniqueIdentifier>
    </Filter>
    <Filter Include="1.study\DataStructure\ListGraph/다익스트라%28C++%29">
      <UniqueIdentifier>{d2955e15-3363-42f3-b717-cf2833ba1a69}</UniqueIdentifier>
    </Filter>
    <Filter Include="1.study\DataStructure\MySort">
      <UniqueIdentifier>{6975cf37-a696-4de5-834a-e9f7e10425cc}</UniqueIdentifier>
    </Filter>
    <Filter Include="2.BOJ\98.Backtracking">
      <UniqueIdentifier>{baeb0890-5288-4cc7-a46d-162f5ca39f57}</UniqueIdentifier>
    </Filter>
    <Filter Include="2.BOJ\1.Solved_ac">
      <UniqueIdentifier>{5100389d-6741-48c1-8a77-86c28f539937}</UniqueIdentifier>
    </Filter>
    <Filter Include="2.BOJ\1.Solved_ac\class3">
      <UniqueIdentifier>{227d20e9-3854-41b9-a93b-b3c311d76957}</UniqueIdentifier>
    </Filter>
    <Filter Include="2.BOJ\1.Solved_ac\class4">
      <UniqueIdentifier>{fd38da82-bee4-4a03-8311-ef28628ee7d7}</UniqueIdentifier>
    </Filter>
    <Filter Include="2.BOJ\1.Solved_ac\class5">
      <UniqueIdentifier>{0debd5d7-1513-4cc7-8df1-34271a980de6}</UniqueIdentifier>
    </Filter>
    <Filter Include="2.BOJ\2.SamsungS/W">
      <UniqueIdentifier>{49602774-efe7-4092-962c-2dc31a82e35a}</UniqueIdentifier>
    </Filter>
    <Filter Include="2.BOJ\96.Etc">
      <UniqueIdentifier>{490d3d0a-7ebc-4876-ad4e-90048992a4de}</UniqueIdentifier>
    </Filter>
    <Filter Include="2.BOJ\97.Implementation">
      <UniqueIdentifier>{c5384334-9752-4964-9936-25d4a5976cc3}</UniqueIdentifier>
    </Filter>
    <Filter Include="2.BOJ\97.Implementation\silver">
      <UniqueIdentifier>{ae3a09b5-d448-475b-bb2f-0be2d48ef4b9}</UniqueIdentifier>
    </Filter>
    <Filter Include="2.BOJ\97.Implementation\gold">
      <UniqueIdentifier>{e8af4124-b7c7-41b2-af25-02bcba5c87d8}</UniqueIdentifier>
    </Filter>
    <Filter Include="99.Retry">
      <UniqueIdentifier>{5bca32fe-d73f-4c35-af2a-3e1e30259558}</UniqueIdentifier>
    </Filter>
  </ItemGroup>
  <ItemGroup>
    <ClCompile Include="1.BinarySearch.cpp">
      <Filter>1.study\DataStructure</Filter>
    </ClCompile>
    <ClCompile Include="2.Recursive.cpp">
      <Filter>1.study\DataStructure</Filter>
    </ClCompile>
    <ClCompile Include="main.cpp">
      <Filter>1.study\DataStructure\MyVector</Filter>
    </ClCompile>
    <ClCompile Include="3.Stack.cpp">
      <Filter>1.study\DataStructure</Filter>
    </ClCompile>
    <ClCompile Include="pch.cpp">
      <Filter>99.Default</Filter>
    </ClCompile>
    <ClCompile Include="CircularQueue%28array%29.cpp">
      <Filter>1.study\DataStructure</Filter>
    </ClCompile>
    <ClCompile Include="Queue(list).cpp">
      <Filter>1.study\DataStructure</Filter>
    </ClCompile>
    <ClCompile Include="MyQueue.cpp">
      <Filter>1.study\DataStructure\MyQueue</Filter>
    </ClCompile>
    <ClCompile Include="HambugerSimulation.cpp">
      <Filter>1.study\DataStructure</Filter>
    </ClCompile>
    <ClCompile Include="ArrayGraph.cpp">
      <Filter>1.study\DataStructure\ArrayGraph%28C%29</Filter>
    </ClCompile>
    <ClCompile Include="LinkedGraph.cpp">
      <Filter>1.study\DataStructure\ListGraph/다익스트라%28C++%29</Filter>
    </ClCompile>
    <ClCompile Include="MySort.cpp">
      <Filter>1.study\DataStructure\MySort</Filter>
    </ClCompile>
    <ClCompile Include="1이될때까지.cpp">
      <Filter>1.study\Algorithm\그리디</Filter>
    </ClCompile>
    <ClCompile Include="곱하기혹은더하기.cpp">
      <Filter>1.study\Algorithm\그리디</Filter>
    </ClCompile>
    <ClCompile Include="모험가길드.cpp">
      <Filter>1.study\Algorithm\그리디</Filter>
    </ClCompile>
    <ClCompile Include="상하좌우.cpp">
      <Filter>1.study\Algorithm\구현</Filter>
    </ClCompile>
    <ClCompile Include="시각(완전탐색).cpp">
      <Filter>1.study\Algorithm\구현</Filter>
    </ClCompile>
    <ClCompile Include="왕실의나이트.cpp">
      <Filter>1.study\Algorithm\구현</Filter>
    </ClCompile>
    <ClCompile Include="문자열 재정렬.cpp">
      <Filter>1.study\Algorithm\구현</Filter>
    </ClCompile>
    <ClCompile Include="dfs.cpp">
      <Filter>1.study\Algorithm\bfs,dfs</Filter>
    </ClCompile>
    <ClCompile Include="dfs_re.cpp">
      <Filter>1.study\Algorithm\bfs,dfs</Filter>
    </ClCompile>
    <ClCompile Include="bfs.cpp">
      <Filter>1.study\Algorithm\bfs,dfs</Filter>
    </ClCompile>
    <ClCompile Include="음료수얼려먹기.cpp">
      <Filter>1.study\Algorithm\bfs,dfs</Filter>
    </ClCompile>
    <ClCompile Include="미로탈출.cpp">
      <Filter>1.study\Algorithm\bfs,dfs</Filter>
    </ClCompile>
    <ClCompile Include="선택정렬.cpp">
      <Filter>1.study\Algorithm\정렬</Filter>
    </ClCompile>
    <ClCompile Include="삽입정렬.cpp">
      <Filter>1.study\Algorithm\정렬</Filter>
    </ClCompile>
    <ClCompile Include="퀵정렬.cpp">
      <Filter>1.study\Algorithm\정렬</Filter>
    </ClCompile>
    <ClCompile Include="이진탐색.cpp">
      <Filter>1.study\Algorithm\이진탐색</Filter>
    </ClCompile>
    <ClCompile Include="떡볶이떡만들기%28나무자르기%29.cpp">
      <Filter>1.study\Algorithm\이진탐색</Filter>
    </ClCompile>
    <ClCompile Include="특정수의개수구하기%28upperbound%29.cpp">
      <Filter>1.study\Algorithm\이진탐색</Filter>
    </ClCompile>
    <ClCompile Include="fibo(탑다운).cpp">
      <Filter>1.study\Algorithm\dp</Filter>
    </ClCompile>
    <ClCompile Include="개미전사.cpp">
      <Filter>1.study\Algorithm\dp</Filter>
    </ClCompile>
    <ClCompile Include="1로만들기.cpp">
      <Filter>1.study\Algorithm\dp</Filter>
    </ClCompile>
    <ClCompile Include="효율적인화폐구성.cpp">
      <Filter>1.study\Algorithm\dp</Filter>
    </ClCompile>
    <ClCompile Include="금광.cpp">
      <Filter>1.study\Algorithm\dp</Filter>
    </ClCompile>
    <ClCompile Include="병사배치하기.cpp">
      <Filter>1.study\Algorithm\dp</Filter>
    </ClCompile>
    <ClCompile Include="다익스트라.cpp">
      <Filter>1.study\Algorithm\최단경로</Filter>
    </ClCompile>
    <ClCompile Include="플로이드워셜.cpp">
      <Filter>1.study\Algorithm\최단경로</Filter>
    </ClCompile>
    <ClCompile Include="전보.cpp">
      <Filter>1.study\Algorithm\최단경로</Filter>
    </ClCompile>
    <ClCompile Include="미래도시.cpp">
      <Filter>1.study\Algorithm\최단경로</Filter>
    </ClCompile>
    <ClCompile Include="미래도시2.cpp">
      <Filter>1.study\Algorithm\최단경로</Filter>
    </ClCompile>
    <ClCompile Include="서로소집합%28유니온파인드%29.cpp">
      <Filter>1.study\Algorithm\최단경로</Filter>
    </ClCompile>
    <ClCompile Include="kruskal.cpp">
      <Filter>1.study\Algorithm\최단경로</Filter>
    </ClCompile>
    <ClCompile Include="위상정렬%28스마트포인터사용%29.cpp">
      <Filter>1.study\Algorithm\최단경로</Filter>
    </ClCompile>
    <ClCompile Include="위상정렬(코테용).cpp">
      <Filter>1.study\Algorithm\최단경로</Filter>
    </ClCompile>
    <ClCompile Include="소수판별.cpp">
      <Filter>1.study\Algorithm\소수판별</Filter>
    </ClCompile>
    <ClCompile Include="수열의부분합구하기.cpp">
      <Filter>1.study\Algorithm\투포인터</Filter>
    </ClCompile>
    <ClCompile Include="그룹단어체커.cpp">
      <Filter>2.BOJ\97.Implementation\silver</Filter>
    </ClCompile>
    <ClCompile Include="체스판다시칠하기.cpp">
      <Filter>2.BOJ\97.Implementation\silver</Filter>
    </ClCompile>
    <ClCompile Include="프린터큐.cpp">
      <Filter>2.BOJ\97.Implementation\silver</Filter>
    </ClCompile>
    <ClCompile Include="집합.cpp">
      <Filter>2.BOJ\1.Solved_ac\class3</Filter>
    </ClCompile>
    <ClCompile Include="N과M(2).cpp">
      <Filter>2.BOJ\1.Solved_ac\class4</Filter>
    </ClCompile>
    <ClCompile Include="N과M(4).cpp">
      <Filter>2.BOJ\1.Solved_ac\class4</Filter>
    </ClCompile>
    <ClCompile Include="N과M(5).cpp">
      <Filter>2.BOJ\1.Solved_ac\class4</Filter>
    </ClCompile>
    <ClCompile Include="가장긴증가하는부분수열.cpp">
      <Filter>2.BOJ\1.Solved_ac\class4</Filter>
    </ClCompile>
    <ClCompile Include="지름길(1446).cpp">
      <Filter>2.BOJ\97.Implementation\silver</Filter>
    </ClCompile>
    <ClCompile Include="나는야포켓몬마스터이다솜.cpp">
      <Filter>2.BOJ\1.Solved_ac\class3</Filter>
    </ClCompile>
    <ClCompile Include="듣보잡(1764).cpp">
      <Filter>2.BOJ\1.Solved_ac\class3</Filter>
    </ClCompile>
    <ClCompile Include="트리의부모찾기.cpp">
      <Filter>2.BOJ\1.Solved_ac\class4</Filter>
    </ClCompile>
    <ClCompile Include="N과M(9).cpp">
      <Filter>2.BOJ\1.Solved_ac\class4</Filter>
    </ClCompile>
    <ClCompile Include="2048.cpp">
      <Filter>2.BOJ\1.Solved_ac\class5</Filter>
    </ClCompile>
    <ClCompile Include="최소비용구하기(1916).cpp">
      <Filter>2.BOJ\1.Solved_ac\class4</Filter>
    </ClCompile>
    <ClCompile Include="구간합구하기.cpp">
      <Filter>2.BOJ\1.Solved_ac\class4</Filter>
    </ClCompile>
    <ClCompile Include="다각형의합.cpp">
      <Filter>2.BOJ\1.Solved_ac\class5</Filter>
    </ClCompile>
    <ClCompile Include="동전0.cpp">
      <Filter>2.BOJ\1.Solved_ac\class3</Filter>
    </ClCompile>
    <ClCompile Include="1로만들기(1463).cpp">
      <Filter>2.BOJ\1.Solved_ac\class3</Filter>
    </ClCompile>
    <ClCompile Include="구간합구하기(4).cpp">
      <Filter>2.BOJ\1.Solved_ac\class3</Filter>
    </ClCompile>
    <ClCompile Include="2xn타일링(11726).cpp">
      <Filter>2.BOJ\1.Solved_ac\class3</Filter>
    </ClCompile>
    <ClCompile Include="ATM(11399).cpp">
      <Filter>2.BOJ\1.Solved_ac\class3</Filter>
    </ClCompile>
    <ClCompile Include="피보나치함수(1003).cpp">
      <Filter>2.BOJ\1.Solved_ac\class3</Filter>
    </ClCompile>
    <ClCompile Include="바이러스(2606).cpp">
      <Filter>2.BOJ\1.Solved_ac\class3</Filter>
    </ClCompile>
    <ClCompile Include="123더하기(9095).cpp">
      <Filter>2.BOJ\1.Solved_ac\class3</Filter>
    </ClCompile>
    <ClCompile Include="유기농배추.cpp">
      <Filter>2.BOJ\1.Solved_ac\class3</Filter>
    </ClCompile>
    <ClCompile Include="최소힙.cpp">
      <Filter>2.BOJ\1.Solved_ac\class3</Filter>
    </ClCompile>
    <ClCompile Include="색종이만들기.cpp">
      <Filter>2.BOJ\1.Solved_ac\class3</Filter>
    </ClCompile>
    <ClCompile Include="색종이만들기(가독성개선).cpp">
      <Filter>2.BOJ\1.Solved_ac\class3</Filter>
    </ClCompile>
    <ClCompile Include="RGB거리%282차원dp%29.cpp">
      <Filter>2.BOJ\1.Solved_ac\class4</Filter>
    </ClCompile>
    <ClCompile Include="곱셈.cpp">
      <Filter>2.BOJ\1.Solved_ac\class4</Filter>
    </ClCompile>
    <ClCompile Include="정수삼각형.cpp">
      <Filter>2.BOJ\1.Solved_ac\class4</Filter>
    </ClCompile>
    <ClCompile Include="쉬운최단경로.cpp">
      <Filter>2.BOJ\1.Solved_ac\class3</Filter>
    </ClCompile>
    <ClCompile Include="Ｚ.cpp">
      <Filter>2.BOJ\1.Solved_ac\class3</Filter>
    </ClCompile>
    <ClCompile Include="회의실배정.cpp">
      <Filter>2.BOJ\1.Solved_ac\class3</Filter>
    </ClCompile>
    <ClCompile Include="토마토.cpp">
      <Filter>2.BOJ\1.Solved_ac\class3</Filter>
    </ClCompile>
    <ClCompile Include="3차원토마토.cpp">
      <Filter>2.BOJ\1.Solved_ac\class3</Filter>
    </ClCompile>
    <ClCompile Include="테트로미노.cpp">
      <Filter>2.BOJ\1.Solved_ac\class3</Filter>
    </ClCompile>
    <ClCompile Include="트리의지름.cpp">
      <Filter>2.BOJ\1.Solved_ac\class4</Filter>
    </ClCompile>
    <ClCompile Include="비밀번호찾기(17219).cpp">
      <Filter>2.BOJ\1.Solved_ac\class3</Filter>
    </ClCompile>
    <ClCompile Include="비밀번호만들기%2817218%29최장증가공통수열.cpp">
      <Filter>2.BOJ\1.Solved_ac\class3</Filter>
    </ClCompile>
    <ClCompile Include="패션왕신혜빈.cpp">
      <Filter>2.BOJ\1.Solved_ac\class3</Filter>
    </ClCompile>
    <ClCompile Include="파도반수열.cpp">
      <Filter>2.BOJ\1.Solved_ac\class3</Filter>
    </ClCompile>
    <ClCompile Include="파도반수열(dp풀이).cpp">
      <Filter>2.BOJ\1.Solved_ac\class3</Filter>
    </ClCompile>
    <ClCompile Include="좌표압축.cpp">
      <Filter>2.BOJ\1.Solved_ac\class3</Filter>
    </ClCompile>
    <ClCompile Include="좌표압축(해시매핑방식).cpp">
      <Filter>2.BOJ\1.Solved_ac\class3</Filter>
    </ClCompile>
    <ClCompile Include="2xn타일링2.cpp">
      <Filter>2.BOJ\1.Solved_ac\class3</Filter>
    </ClCompile>
    <ClCompile Include="숨바꼭질3.cpp">
      <Filter>2.BOJ\1.Solved_ac\class4</Filter>
    </ClCompile>
    <ClCompile Include="숨바꼭질.cpp">
      <Filter>2.BOJ\1.Solved_ac\class3</Filter>
    </ClCompile>
    <ClCompile Include="트리순회.cpp">
      <Filter>2.BOJ\1.Solved_ac\class4</Filter>
    </ClCompile>
    <ClCompile Include="잃어버린괄호.cpp">
      <Filter>2.BOJ\1.Solved_ac\class3</Filter>
    </ClCompile>
    <ClCompile Include="적록색약.cpp">
      <Filter>2.BOJ\1.Solved_ac\class3</Filter>
    </ClCompile>
    <ClCompile Include="스티커.cpp">
      <Filter>2.BOJ\1.Solved_ac\class4</Filter>
    </ClCompile>
    <ClCompile Include="평범한배낭%28좋은문제%29.cpp">
      <Filter>2.BOJ\1.Solved_ac\class4</Filter>
    </ClCompile>
    <ClCompile Include="FourSquares.cpp">
      <Filter>2.BOJ\1.Solved_ac\class3</Filter>
    </ClCompile>
    <ClCompile Include="랜선자르기.cpp">
      <Filter>2.BOJ\1.Solved_ac\class3</Filter>
    </ClCompile>
    <ClCompile Include="최대 힙.cpp">
      <Filter>2.BOJ\1.Solved_ac\class3</Filter>
    </ClCompile>
    <ClCompile Include="N과M(12).cpp">
      <Filter>2.BOJ\1.Solved_ac\class4</Filter>
    </ClCompile>
    <ClCompile Include="헌내기는친구가필요해.cpp">
      <Filter>2.BOJ\1.Solved_ac\class3</Filter>
    </ClCompile>
    <ClCompile Include="뱀과사다리게임.cpp">
      <Filter>2.BOJ\1.Solved_ac\class3</Filter>
    </ClCompile>
    <ClCompile Include="LCS.cpp">
      <Filter>2.BOJ\1.Solved_ac\class4</Filter>
    </ClCompile>
    <ClCompile Include="최단경로.cpp">
      <Filter>2.BOJ\1.Solved_ac\class4</Filter>
    </ClCompile>
    <ClCompile Include="플로이드.cpp">
      <Filter>2.BOJ\1.Solved_ac\class4</Filter>
    </ClCompile>
    <ClCompile Include="AB(16953).cpp">
      <Filter>2.BOJ\1.Solved_ac\class4</Filter>
    </ClCompile>
    <ClCompile Include="파티.cpp">
      <Filter>2.BOJ\1.Solved_ac\class4</Filter>
    </ClCompile>
    <ClCompile Include="과일탕후루.cpp">
      <Filter>2.BOJ\1.Solved_ac\class3</Filter>
    </ClCompile>
    <ClCompile Include="케빈베이컨의6단계법칙.cpp">
      <Filter>2.BOJ\1.Solved_ac\class3</Filter>
    </ClCompile>
    <ClCompile Include="내려가기.cpp">
      <Filter>2.BOJ\1.Solved_ac\class4</Filter>
    </ClCompile>
    <ClCompile Include="치킨배달.cpp">
      <Filter>2.BOJ\1.Solved_ac\class4</Filter>
    </ClCompile>
    <ClCompile Include="단지번호붙이기.cpp">
      <Filter>2.BOJ\1.Solved_ac\class3</Filter>
    </ClCompile>
    <ClCompile Include="파이프옮기기1.cpp">
      <Filter>2.BOJ\1.Solved_ac\class4</Filter>
    </ClCompile>
    <ClCompile Include="거짓말.cpp">
      <Filter>2.BOJ\1.Solved_ac\class4</Filter>
    </ClCompile>
    <ClCompile Include="경로찾기.cpp">
      <Filter>2.BOJ\1.Solved_ac\class3</Filter>
    </ClCompile>
    <ClCompile Include="특정한최단경로%28일관2회%29.cpp">
      <Filter>2.BOJ\1.Solved_ac\class4</Filter>
    </ClCompile>
    <ClCompile Include="특정한최단경로%282~6회 + 조기탈출%29.cpp">
      <Filter>2.BOJ\1.Solved_ac\class4</Filter>
    </ClCompile>
    <ClCompile Include="369.cpp">
      <Filter>2.BOJ\96.Etc</Filter>
    </ClCompile>
    <ClCompile Include="AC.cpp">
      <Filter>2.BOJ\96.Etc</Filter>
    </ClCompile>
    <ClCompile Include="CD.cpp">
      <Filter>2.BOJ\96.Etc</Filter>
    </ClCompile>
    <ClCompile Include="dfs와bfs(1260).cpp">
      <Filter>2.BOJ\96.Etc</Filter>
    </ClCompile>
    <ClCompile Include="Factorial.cpp">
      <Filter>2.BOJ\96.Etc</Filter>
    </ClCompile>
    <ClCompile Include="sp_fp스터디문제.cpp">
      <Filter>2.BOJ\96.Etc</Filter>
    </ClCompile>
    <ClCompile Include="가운데를말해요.cpp">
      <Filter>2.BOJ\96.Etc</Filter>
    </ClCompile>
    <ClCompile Include="계단오르기(2579).cpp">
      <Filter>2.BOJ\96.Etc</Filter>
    </ClCompile>
    <ClCompile Include="공바꾸기.cpp">
      <Filter>2.BOJ\96.Etc</Filter>
    </ClCompile>
    <ClCompile Include="괄호.cpp">
      <Filter>2.BOJ\96.Etc</Filter>
    </ClCompile>
    <ClCompile Include="국영수.cpp">
      <Filter>2.BOJ\96.Etc</Filter>
    </ClCompile>
    <ClCompile Include="단어정렬.cpp">
      <Filter>2.BOJ\96.Etc</Filter>
    </ClCompile>
    <ClCompile Include="덱.cpp">
      <Filter>2.BOJ\96.Etc</Filter>
    </ClCompile>
    <ClCompile Include="두수의합%283273%29.cpp">
      <Filter>2.BOJ\96.Etc</Filter>
    </ClCompile>
    <ClCompile Include="미로탐색.cpp">
      <Filter>2.BOJ\96.Etc</Filter>
    </ClCompile>
    <ClCompile Include="빈도정렬.cpp">
      <Filter>2.BOJ\96.Etc</Filter>
    </ClCompile>
    <ClCompile Include="빈도정렬_try2.cpp">
      <Filter>2.BOJ\96.Etc</Filter>
    </ClCompile>
    <ClCompile Include="수들의합5.cpp">
      <Filter>2.BOJ\96.Etc</Filter>
    </ClCompile>
    <ClCompile Include="아이들과선물상자.cpp">
      <Filter>2.BOJ\96.Etc</Filter>
    </ClCompile>
    <ClCompile Include="연결요소의개수(유니온파인드풀이).cpp">
      <Filter>2.BOJ\96.Etc</Filter>
    </ClCompile>
    <ClCompile Include="연결요소의개수.cpp">
      <Filter>2.BOJ\96.Etc</Filter>
    </ClCompile>
    <ClCompile Include="요세푸스.cpp">
      <Filter>2.BOJ\96.Etc</Filter>
    </ClCompile>
    <ClCompile Include="전자레인지.cpp">
      <Filter>2.BOJ\96.Etc</Filter>
    </ClCompile>
    <ClCompile Include="좋다.cpp">
      <Filter>2.BOJ\96.Etc</Filter>
    </ClCompile>
    <ClCompile Include="카드(11652).cpp">
      <Filter>2.BOJ\96.Etc</Filter>
    </ClCompile>
    <ClCompile Include="카드.cpp">
      <Filter>2.BOJ\96.Etc</Filter>
    </ClCompile>
    <ClCompile Include="카드2.cpp">
      <Filter>2.BOJ\96.Etc</Filter>
    </ClCompile>
    <ClCompile Include="벨만포드.cpp">
      <Filter>1.study\Algorithm\최단경로</Filter>
    </ClCompile>
    <ClCompile Include="웜홀.cpp">
      <Filter>2.BOJ\1.Solved_ac\class4</Filter>
    </ClCompile>
    <ClCompile Include="벽부수고이동하기.cpp">
      <Filter>2.BOJ\1.Solved_ac\class4</Filter>
    </ClCompile>
    <ClCompile Include="N과M%282%29_re.cpp">
      <Filter>99.Retry</Filter>
    </ClCompile>
    <ClCompile Include="N과M(5)_re.cpp">
      <Filter>99.Retry</Filter>
    </ClCompile>
    <ClCompile Include="N과M(4)_re.cpp">
      <Filter>99.Retry</Filter>
    </ClCompile>
    <ClCompile Include="1로만들기_re.cpp">
      <Filter>99.Retry</Filter>
    </ClCompile>
    <ClCompile Include="ATM_re.cpp">
      <Filter>99.Retry</Filter>
    </ClCompile>
    <ClCompile Include="바이러스_re.cpp">
      <Filter>99.Retry</Filter>
    </ClCompile>
    <ClCompile Include="바이러스_re2.cpp">
      <Filter>99.Retry</Filter>
    </ClCompile>
    <ClCompile Include="구간합구하기_re.cpp">
      <Filter>99.Retry</Filter>
    </ClCompile>
    <ClCompile Include="2xn타일링_re.cpp">
      <Filter>99.Retry</Filter>
    </ClCompile>
    <ClCompile Include="색종이만들기_re.cpp">
      <Filter>99.Retry</Filter>
    </ClCompile>
    <ClCompile Include="나무자르기_re.cpp">
      <Filter>99.Retry</Filter>
    </ClCompile>
    <ClCompile Include="연결요소의개수_re.cpp">
      <Filter>99.Retry</Filter>
    </ClCompile>
    <ClCompile Include="좌표압축_re.cpp">
      <Filter>99.Retry</Filter>
    </ClCompile>
    <ClCompile Include="숨바꼭질_re.cpp">
      <Filter>99.Retry</Filter>
    </ClCompile>
    <ClCompile Include="쉬운최단경로_re.cpp">
      <Filter>99.Retry</Filter>
    </ClCompile>
    <ClCompile Include="Z_re.cpp">
      <Filter>99.Retry</Filter>
    </ClCompile>
    <ClCompile Include="구슬탈출2.cpp">
      <Filter>2.BOJ\2.SamsungS/W</Filter>
    </ClCompile>
    <ClCompile Include="트리의지름_백준.cpp">
      <Filter>2.BOJ\1.Solved_ac\class4</Filter>
    </ClCompile>
    <ClCompile Include="후위표기식.cpp">
      <Filter>2.BOJ\1.Solved_ac\class4</Filter>
    </ClCompile>
    <ClCompile Include="트럭%2813335%29.cpp">
      <Filter>2.BOJ\97.Implementation\silver</Filter>
    </ClCompile>
    <ClCompile Include="two_pointer%28slidewindow%29.cpp">
      <Filter>1.study\Algorithm\투포인터</Filter>
    </ClCompile>
    <ClCompile Include="조합.cpp">
      <Filter>1.study\Algorithm\순열조합</Filter>
    </ClCompile>
    <ClCompile Include="1.순열.cpp">
      <Filter>1.study\Algorithm\순열조합</Filter>
    </ClCompile>
    <ClCompile Include="2.재귀순열.cpp">
      <Filter>1.study\Algorithm\순열조합</Filter>
    </ClCompile>
    <ClCompile Include="example.cpp">
      <Filter>1.study\DataStructure</Filter>
    </ClCompile>
    <ClCompile Include="가장긴증가하는부분수열_re.cpp">
      <Filter>99.Retry</Filter>
    </ClCompile>
    <ClCompile Include="perfectforward.cpp">
      <Filter>99.Default</Filter>
    </ClCompile>
    <ClCompile Include="감시.cpp">
      <Filter>2.BOJ\97.Implementation\gold</Filter>
    </ClCompile>
    <ClCompile Include="감시(다시풀기).cpp">
      <Filter>2.BOJ\97.Implementation\gold</Filter>
    </ClCompile>
    <ClCompile Include="감시(진법사용풀이).cpp">
      <Filter>2.BOJ\97.Implementation\gold</Filter>
    </ClCompile>
    <ClCompile Include="스티커붙이기.cpp">
      <Filter>2.BOJ\97.Implementation\gold</Filter>
    </ClCompile>
    <ClCompile Include="창고다각형(2304).cpp">
      <Filter>2.BOJ\97.Implementation\silver</Filter>
    </ClCompile>
    <ClCompile Include="연구소(14502).cpp">
      <Filter>2.BOJ\97.Implementation\gold</Filter>
    </ClCompile>
    <ClCompile Include="로봇청소기%2814503%29.cpp">
      <Filter>2.BOJ\97.Implementation\gold</Filter>
    </ClCompile>
    <ClCompile Include="후보추천하기%281713%29.cpp">
      <Filter>2.BOJ\97.Implementation\silver</Filter>
    </ClCompile>
    <ClCompile Include="오목(2615).cpp">
      <Filter>2.BOJ\97.Implementation\silver</Filter>
    </ClCompile>
    <ClCompile Include="N-Queen(백트래킹).cpp">
      <Filter>2.BOJ\98.Backtracking</Filter>
    </ClCompile>
    <ClCompile Include="N과M(백트래킹).cpp">
      <Filter>2.BOJ\98.Backtracking</Filter>
    </ClCompile>
    <ClCompile Include="평범한배낭_re(12865).cpp">
      <Filter>99.Retry</Filter>
    </ClCompile>
  </ItemGroup>
  <ItemGroup>
    <ClInclude Include="MyVector.h">
      <Filter>1.study\DataStructure\MyVector</Filter>
    </ClInclude>
    <ClInclude Include="pch.h">
      <Filter>99.Default</Filter>
    </ClInclude>
    <ClInclude Include="MyQueue.h">
      <Filter>1.study\DataStructure\MyQueue</Filter>
    </ClInclude>
    <ClInclude Include="ArrayGraph.h">
      <Filter>1.study\DataStructure\ArrayGraph%28C%29</Filter>
    </ClInclude>
    <ClInclude Include="LinkedGraph.h">
      <Filter>1.study\DataStructure\ListGraph/다익스트라%28C++%29</Filter>
    </ClInclude>
    <ClInclude Include="MySort.h">
      <Filter>1.study\DataStructure\MySort</Filter>
    </ClInclude>
  </ItemGroup>
</Project>